Microsoft Visual Studio Solution File, Format Version 12.00
# Visual Studio Version 17
VisualStudioVersion = 17.5.2.0
MinimumVisualStudioVersion = 10.0.40219.1
Project("{2150E333-8FDC-42A3-9474-1A3956D46DE8}") = "source", "source", "{B8EFCA5F-814F-285C-A8CB-F00F14650265}"
EndProject
Project("{2150E333-8FDC-42A3-9474-1A3956D46DE8}") = "build", "build", "{D02A5684-4803-8224-9927-11E0A2EDF02A}"
EndProject
Project("{FAE04EC0-301F-11D3-BF4B-00C04F79EFBC}") = "_build", "source\build\_build.csproj", "{E88C301B-CF0D-A8A2-E03A-897F566CCCA1}"
EndProject
Project("{FAE04EC0-301F-11D3-BF4B-00C04F79EFBC}") = "Maestro.Contracts", "source\Maestro.Contracts\Maestro.Contracts.csproj", "{3DB98F47-4821-26F0-E8C0-5E2A41AF11D1}"
EndProject
Project("{FAE04EC0-301F-11D3-BF4B-00C04F79EFBC}") = "Maestro.Contracts.Tests", "source\Maestro.Contracts.Tests\Maestro.Contracts.Tests.csproj", "{295773BC-5865-2DF4-C434-4AF6C3CEE0ED}"
EndProject
Project("{FAE04EC0-301F-11D3-BF4B-00C04F79EFBC}") = "Maestro.Core", "source\Maestro.Core\Maestro.Core.csproj", "{7251AF6D-E9DF-D10E-8D98-6142D7109F3D}"
EndProject
Project("{FAE04EC0-301F-11D3-BF4B-00C04F79EFBC}") = "Maestro.Core.Tests", "source\Maestro.Core.Tests\Maestro.Core.Tests.csproj", "{52A59F54-729C-CC81-5565-0A6DAB3A7720}"
EndProject
Project("{FAE04EC0-301F-11D3-BF4B-00C04F79EFBC}") = "Maestro.Plugin", "source\Maestro.Plugin\Maestro.Plugin.csproj", "{8DE41758-08A3-4D37-3F7D-35B7173296C2}"
EndProject
Project("{FAE04EC0-301F-11D3-BF4B-00C04F79EFBC}") = "Maestro.Plugin.Tests", "source\Maestro.Plugin.Tests\Maestro.Plugin.Tests.csproj", "{A35241F6-153B-4CA2-5EB2-852EA56D5D6E}"
EndProject
Project("{FAE04EC0-301F-11D3-BF4B-00C04F79EFBC}") = "Maestro.Server", "source\Maestro.Server\Maestro.Server.csproj", "{AE00D810-7C23-7E5D-3E24-6D9428A1D715}"
EndProject
Project("{FAE04EC0-301F-11D3-BF4B-00C04F79EFBC}") = "Maestro.Server.Tests", "source\Maestro.Server.Tests\Maestro.Server.Tests.csproj", "{45124C87-D54E-BE9A-24A1-9C9F240D41BE}"
EndProject
Project("{FAE04EC0-301F-11D3-BF4B-00C04F79EFBC}") = "Maestro.Tools", "source\Maestro.Tools\Maestro.Tools.csproj", "{5897C8C1-27AA-E217-E980-F2775F782296}"
EndProject
Project("{FAE04EC0-301F-11D3-BF4B-00C04F79EFBC}") = "Maestro.Wpf", "source\Maestro.Wpf\Maestro.Wpf.csproj", "{D29ABD72-D593-74F2-F98F-D9136DB973B1}"
EndProject
Global
	GlobalSection(SolutionConfigurationPlatforms) = preSolution
		Debug|Any CPU = Debug|Any CPU
		Release|Any CPU = Release|Any CPU
	EndGlobalSection
	GlobalSection(ProjectConfigurationPlatforms) = postSolution
		{E88C301B-CF0D-A8A2-E03A-897F566CCCA1}.Debug|Any CPU.ActiveCfg = Debug|Any CPU
		{E88C301B-CF0D-A8A2-E03A-897F566CCCA1}.Debug|Any CPU.Build.0 = Debug|Any CPU
		{E88C301B-CF0D-A8A2-E03A-897F566CCCA1}.Release|Any CPU.ActiveCfg = Release|Any CPU
		{E88C301B-CF0D-A8A2-E03A-897F566CCCA1}.Release|Any CPU.Build.0 = Release|Any CPU
		{3DB98F47-4821-26F0-E8C0-5E2A41AF11D1}.Debug|Any CPU.ActiveCfg = Debug|Any CPU
		{3DB98F47-4821-26F0-E8C0-5E2A41AF11D1}.Debug|Any CPU.Build.0 = Debug|Any CPU
		{3DB98F47-4821-26F0-E8C0-5E2A41AF11D1}.Release|Any CPU.ActiveCfg = Release|Any CPU
		{3DB98F47-4821-26F0-E8C0-5E2A41AF11D1}.Release|Any CPU.Build.0 = Release|Any CPU
		{295773BC-5865-2DF4-C434-4AF6C3CEE0ED}.Debug|Any CPU.ActiveCfg = Debug|Any CPU
		{295773BC-5865-2DF4-C434-4AF6C3CEE0ED}.Debug|Any CPU.Build.0 = Debug|Any CPU
		{295773BC-5865-2DF4-C434-4AF6C3CEE0ED}.Release|Any CPU.ActiveCfg = Release|Any CPU
		{295773BC-5865-2DF4-C434-4AF6C3CEE0ED}.Release|Any CPU.Build.0 = Release|Any CPU
		{7251AF6D-E9DF-D10E-8D98-6142D7109F3D}.Debug|Any CPU.ActiveCfg = Debug|Any CPU
		{7251AF6D-E9DF-D10E-8D98-6142D7109F3D}.Debug|Any CPU.Build.0 = Debug|Any CPU
		{7251AF6D-E9DF-D10E-8D98-6142D7109F3D}.Release|Any CPU.ActiveCfg = Release|Any CPU
		{7251AF6D-E9DF-D10E-8D98-6142D7109F3D}.Release|Any CPU.Build.0 = Release|Any CPU
		{52A59F54-729C-CC81-5565-0A6DAB3A7720}.Debug|Any CPU.ActiveCfg = Debug|Any CPU
		{52A59F54-729C-CC81-5565-0A6DAB3A7720}.Debug|Any CPU.Build.0 = Debug|Any CPU
		{52A59F54-729C-CC81-5565-0A6DAB3A7720}.Release|Any CPU.ActiveCfg = Release|Any CPU
		{52A59F54-729C-CC81-5565-0A6DAB3A7720}.Release|Any CPU.Build.0 = Release|Any CPU
		{8DE41758-08A3-4D37-3F7D-35B7173296C2}.Debug|Any CPU.ActiveCfg = Debug|Any CPU
		{8DE41758-08A3-4D37-3F7D-35B7173296C2}.Debug|Any CPU.Build.0 = Debug|Any CPU
		{8DE41758-08A3-4D37-3F7D-35B7173296C2}.Release|Any CPU.ActiveCfg = Release|Any CPU
		{8DE41758-08A3-4D37-3F7D-35B7173296C2}.Release|Any CPU.Build.0 = Release|Any CPU
		{A35241F6-153B-4CA2-5EB2-852EA56D5D6E}.Debug|Any CPU.ActiveCfg = Debug|Any CPU
		{A35241F6-153B-4CA2-5EB2-852EA56D5D6E}.Debug|Any CPU.Build.0 = Debug|Any CPU
		{A35241F6-153B-4CA2-5EB2-852EA56D5D6E}.Release|Any CPU.ActiveCfg = Release|Any CPU
		{A35241F6-153B-4CA2-5EB2-852EA56D5D6E}.Release|Any CPU.Build.0 = Release|Any CPU
		{AE00D810-7C23-7E5D-3E24-6D9428A1D715}.Debug|Any CPU.ActiveCfg = Debug|Any CPU
		{AE00D810-7C23-7E5D-3E24-6D9428A1D715}.Debug|Any CPU.Build.0 = Debug|Any CPU
		{AE00D810-7C23-7E5D-3E24-6D9428A1D715}.Release|Any CPU.ActiveCfg = Release|Any CPU
		{AE00D810-7C23-7E5D-3E24-6D9428A1D715}.Release|Any CPU.Build.0 = Release|Any CPU
		{45124C87-D54E-BE9A-24A1-9C9F240D41BE}.Debug|Any CPU.ActiveCfg = Debug|Any CPU
		{45124C87-D54E-BE9A-24A1-9C9F240D41BE}.Debug|Any CPU.Build.0 = Debug|Any CPU
		{45124C87-D54E-BE9A-24A1-9C9F240D41BE}.Release|Any CPU.ActiveCfg = Release|Any CPU
		{45124C87-D54E-BE9A-24A1-9C9F240D41BE}.Release|Any CPU.Build.0 = Release|Any CPU
		{5897C8C1-27AA-E217-E980-F2775F782296}.Debug|Any CPU.ActiveCfg = Debug|Any CPU
		{5897C8C1-27AA-E217-E980-F2775F782296}.Debug|Any CPU.Build.0 = Debug|Any CPU
		{5897C8C1-27AA-E217-E980-F2775F782296}.Release|Any CPU.ActiveCfg = Release|Any CPU
		{5897C8C1-27AA-E217-E980-F2775F782296}.Release|Any CPU.Build.0 = Release|Any CPU
		{D29ABD72-D593-74F2-F98F-D9136DB973B1}.Debug|Any CPU.ActiveCfg = Debug|Any CPU
		{D29ABD72-D593-74F2-F98F-D9136DB973B1}.Debug|Any CPU.Build.0 = Debug|Any CPU
		{D29ABD72-D593-74F2-F98F-D9136DB973B1}.Release|Any CPU.ActiveCfg = Release|Any CPU
		{D29ABD72-D593-74F2-F98F-D9136DB973B1}.Release|Any CPU.Build.0 = Release|Any CPU
	EndGlobalSection
	GlobalSection(SolutionProperties) = preSolution
		HideSolutionNode = FALSE
	EndGlobalSection
	GlobalSection(NestedProjects) = preSolution
		{D02A5684-4803-8224-9927-11E0A2EDF02A} = {B8EFCA5F-814F-285C-A8CB-F00F14650265}
		{E88C301B-CF0D-A8A2-E03A-897F566CCCA1} = {D02A5684-4803-8224-9927-11E0A2EDF02A}
		{3DB98F47-4821-26F0-E8C0-5E2A41AF11D1} = {B8EFCA5F-814F-285C-A8CB-F00F14650265}
		{295773BC-5865-2DF4-C434-4AF6C3CEE0ED} = {B8EFCA5F-814F-285C-A8CB-F00F14650265}
		{7251AF6D-E9DF-D10E-8D98-6142D7109F3D} = {B8EFCA5F-814F-285C-A8CB-F00F14650265}
		{52A59F54-729C-CC81-5565-0A6DAB3A7720} = {B8EFCA5F-814F-285C-A8CB-F00F14650265}
		{8DE41758-08A3-4D37-3F7D-35B7173296C2} = {B8EFCA5F-814F-285C-A8CB-F00F14650265}
		{A35241F6-153B-4CA2-5EB2-852EA56D5D6E} = {B8EFCA5F-814F-285C-A8CB-F00F14650265}
		{AE00D810-7C23-7E5D-3E24-6D9428A1D715} = {B8EFCA5F-814F-285C-A8CB-F00F14650265}
		{45124C87-D54E-BE9A-24A1-9C9F240D41BE} = {B8EFCA5F-814F-285C-A8CB-F00F14650265}
		{5897C8C1-27AA-E217-E980-F2775F782296} = {B8EFCA5F-814F-285C-A8CB-F00F14650265}
		{D29ABD72-D593-74F2-F98F-D9136DB973B1} = {B8EFCA5F-814F-285C-A8CB-F00F14650265}
	EndGlobalSection
	GlobalSection(ExtensibilityGlobals) = postSolution
		SolutionGuid = {62D0D8C9-DA74-40D1-BC00-C78561E05EC2}
	EndGlobalSection
EndGlobal
